# This file is automatically @generated by Cargo.
# It is not intended for manual editing.
version = 3

[[package]]
name = "routeloom-host"
version = "0.1.0"
dependencies = [
 "routeloom-protocol",
]

[[package]]
name = "routeloom-protocol"
version = "0.1.0"

[[package]]
name = "routeloom-wire"
version = "0.1.0"

[[package]]
name = "routeloomctl"
version = "0.1.0"
